# THIS IS AN AUTOGENERATED FILE. DO NOT EDIT THIS FILE DIRECTLY.
# yarn lockfile v1


flow-bin@^0.149.0:
  version "0.149.0"
  resolved "https://registry.yarnpkg.com/flow-bin/-/flow-bin-0.149.0.tgz#9bac6dd3074bf4740c014b333a2f6fdeaf393cf9"
  integrity sha512-32hM6iKSInPCUuooS23SJ4c5Up0Tt9ozrXEE6urEpTDJU0z/vQblnCBRt3QZaEEDzSKOu2QZAU6K7fbShOOHaQ==
